
Microsoft Visual Studio Solution File, Format Version 12.00
# Visual Studio Version 16
VisualStudioVersion = 16.0.33214.272
MinimumVisualStudioVersion = 10.0.40219.1
Project("{FAE04EC0-301F-11D3-BF4B-00C04F79EFBC}") = "infinite.mvc.dogstore.test", "infinite.mvc.dogstore.test\infinite.mvc.dogstore.test.csproj", "{0C20CE4A-8381-442A-BDFB-77FD671B290C}"
EndProject
Global
	GlobalSection(SolutionConfigurationPlatforms) = preSolution
		Debug|Any CPU = Debug|Any CPU
		Release|Any CPU = Release|Any CPU
	EndGlobalSection
	GlobalSection(ProjectConfigurationPlatforms) = postSolution
		{0C20CE4A-8381-442A-BDFB-77FD671B290C}.Debug|Any CPU.ActiveCfg = Debug|Any CPU
		{0C20CE4A-8381-442A-BDFB-77FD671B290C}.Debug|Any CPU.Build.0 = Debug|Any CPU
		{0C20CE4A-8381-442A-BDFB-77FD671B290C}.Release|Any CPU.ActiveCfg = Release|Any CPU
		{0C20CE4A-8381-442A-BDFB-77FD671B290C}.Release|Any CPU.Build.0 = Release|Any CPU
	EndGlobalSection
	GlobalSection(SolutionProperties) = preSolution
		HideSolutionNode = FALSE
	EndGlobalSection
	GlobalSection(ExtensibilityGlobals) = postSolution
		SolutionGuid = {CE56CFD2-CB17-4FFB-9995-398DB9967C7B}
	EndGlobalSection
EndGlobal
